// !$*UTF8*$!
{
	archiveVersion = 1;
	classes = {
	};
	objectVersion = 47;
	objects = {

/* Begin PBXBuildFile section */
		3DFFFD011C793C7400D96E85 /* Camera.swift in Sources */ = {isa = PBXBuildFile; fileRef = 3DFFFCB01C793BE800D96E85 /* Camera.swift */; };
		3DFFFD021C793C7400D96E85 /* Cube.swift in Sources */ = {isa = PBXBuildFile; fileRef = 3DFFFCB11C793BE800D96E85 /* Cube.swift */; };
		3DFFFD031C793C7400D96E85 /* main.swift in Sources */ = {isa = PBXBuildFile; fileRef = 3DFFFCB21C793BE800D96E85 /* main.swift */; };
		3DFFFD051C793C7400D96E85 /* Pinwheel.swift in Sources */ = {isa = PBXBuildFile; fileRef = 3DFFFCB41C793BE800D96E85 /* Pinwheel.swift */; };
		3DFFFD061C793C7400D96E85 /* Player.swift in Sources */ = {isa = PBXBuildFile; fileRef = 3DFFFCB51C793BE800D96E85 /* Player.swift */; };
		3DFFFD071C793C7400D96E85 /* Shader.swift in Sources */ = {isa = PBXBuildFile; fileRef = 3DFFFCB71C793BE800D96E85 /* Shader.swift */; };
		3DFFFD081C793C9600D96E85 /* main.swift in Sources */ = {isa = PBXBuildFile; fileRef = 3DFFFCB91C793BE800D96E85 /* main.swift */; };
		3DFFFD091C793C9D00D96E85 /* main.swift in Sources */ = {isa = PBXBuildFile; fileRef = 3DFFFCBD1C793BE800D96E85 /* main.swift */; };
		E5B620F51F76B83F00448E51 /* SGLOpenGL.framework in Frameworks */ = {isa = PBXBuildFile; fileRef = E5B620DF1F76B50200448E51 /* SGLOpenGL.framework */; };
		E5B620F61F76B83F00448E51 /* SGLOpenGL.framework in Embed Frameworks */ = {isa = PBXBuildFile; fileRef = E5B620DF1F76B50200448E51 /* SGLOpenGL.framework */; settings = {ATTRIBUTES = (CodeSignOnCopy, RemoveHeadersOnCopy, ); }; };
		E5B620FA1F76B8A400448E51 /* SGLOpenGL.framework in Frameworks */ = {isa = PBXBuildFile; fileRef = E5B620DF1F76B50200448E51 /* SGLOpenGL.framework */; };
		E5B620FB1F76B8A400448E51 /* SGLOpenGL.framework in Embed Frameworks */ = {isa = PBXBuildFile; fileRef = E5B620DF1F76B50200448E51 /* SGLOpenGL.framework */; settings = {ATTRIBUTES = (CodeSignOnCopy, RemoveHeadersOnCopy, ); }; };
		E5B620FE1F76B8A400448E51 /* SGLImage.framework in Frameworks */ = {isa = PBXBuildFile; fileRef = E5B620C21F76B4FA00448E51 /* SGLImage.framework */; };
		E5B620FF1F76B8A400448E51 /* SGLImage.framework in Embed Frameworks */ = {isa = PBXBuildFile; fileRef = E5B620C21F76B4FA00448E51 /* SGLImage.framework */; settings = {ATTRIBUTES = (CodeSignOnCopy, RemoveHeadersOnCopy, ); }; };
		E5B621051F76BBCA00448E51 /* SGLOpenGL.framework in Frameworks */ = {isa = PBXBuildFile; fileRef = E5B620DF1F76B50200448E51 /* SGLOpenGL.framework */; };
		E5B621061F76BBCA00448E51 /* SGLOpenGL.framework in Embed Frameworks */ = {isa = PBXBuildFile; fileRef = E5B620DF1F76B50200448E51 /* SGLOpenGL.framework */; settings = {ATTRIBUTES = (CodeSignOnCopy, RemoveHeadersOnCopy, ); }; };
		E5B621091F76BBCA00448E51 /* SGLMath.framework in Frameworks */ = {isa = PBXBuildFile; fileRef = E5B620D11F76B4FF00448E51 /* SGLMath.framework */; };
		E5B6210A1F76BBCA00448E51 /* SGLMath.framework in Embed Frameworks */ = {isa = PBXBuildFile; fileRef = E5B620D11F76B4FF00448E51 /* SGLMath.framework */; settings = {ATTRIBUTES = (CodeSignOnCopy, RemoveHeadersOnCopy, ); }; };
/* End PBXBuildFile section */

/* Begin PBXContainerItemProxy section */
		E5B620BF1F76B4FA00448E51 /* PBXContainerItemProxy */ = {
			isa = PBXContainerItemProxy;
			containerPortal = E5B620B81F76B4FA00448E51 /* SGLImage.xcodeproj */;
			proxyType = 2;
			remoteGlobalIDString = "SGLImage::SGLImageTests::Product";
			remoteInfo = SGLImageTests;
		};
		E5B620C11F76B4FA00448E51 /* PBXContainerItemProxy */ = {
			isa = PBXContainerItemProxy;
			containerPortal = E5B620B81F76B4FA00448E51 /* SGLImage.xcodeproj */;
			proxyType = 2;
			remoteGlobalIDString = "SGLImage::SGLImage::Product";
			remoteInfo = SGLImage;
		};
		E5B620CE1F76B4FF00448E51 /* PBXContainerItemProxy */ = {
			isa = PBXContainerItemProxy;
			containerPortal = E5B620C51F76B4FE00448E51 /* SGLMath.xcodeproj */;
			proxyType = 2;
			remoteGlobalIDString = "SGLMath::SGLMathTests::Product";
			remoteInfo = SGLMathTests;
		};
		E5B620D01F76B4FF00448E51 /* PBXContainerItemProxy */ = {
			isa = PBXContainerItemProxy;
			containerPortal = E5B620C51F76B4FE00448E51 /* SGLMath.xcodeproj */;
			proxyType = 2;
			remoteGlobalIDString = "SGLMath::SGLMath::Product";
			remoteInfo = SGLMath;
		};
		E5B620D21F76B4FF00448E51 /* PBXContainerItemProxy */ = {
			isa = PBXContainerItemProxy;
			containerPortal = E5B620C51F76B4FE00448E51 /* SGLMath.xcodeproj */;
			proxyType = 2;
			remoteGlobalIDString = "SGLMath::Tools::Product";
			remoteInfo = Tools;
		};
		E5B620DE1F76B50200448E51 /* PBXContainerItemProxy */ = {
			isa = PBXContainerItemProxy;
			containerPortal = E5B620D71F76B50200448E51 /* SGLOpenGL.xcodeproj */;
			proxyType = 2;
			remoteGlobalIDString = "SGLOpenGL::SGLOpenGL::Product";
			remoteInfo = SGLOpenGL;
		};
		E5B620E01F76B50200448E51 /* PBXContainerItemProxy */ = {
			isa = PBXContainerItemProxy;
			containerPortal = E5B620D71F76B50200448E51 /* SGLOpenGL.xcodeproj */;
			proxyType = 2;
			remoteGlobalIDString = "SGLOpenGL::Tools::Product";
			remoteInfo = Tools;
		};
		E5B620F71F76B83F00448E51 /* PBXContainerItemProxy */ = {
			isa = PBXContainerItemProxy;
			containerPortal = E5B620D71F76B50200448E51 /* SGLOpenGL.xcodeproj */;
			proxyType = 1;
			remoteGlobalIDString = "SGLOpenGL::SGLOpenGL";
			remoteInfo = SGLOpenGL;
		};
		E5B620FC1F76B8A400448E51 /* PBXContainerItemProxy */ = {
			isa = PBXContainerItemProxy;
			containerPortal = E5B620D71F76B50200448E51 /* SGLOpenGL.xcodeproj */;
			proxyType = 1;
			remoteGlobalIDString = "SGLOpenGL::SGLOpenGL";
			remoteInfo = SGLOpenGL;
		};
		E5B621001F76B8A400448E51 /* PBXContainerItemProxy */ = {
			isa = PBXContainerItemProxy;
			containerPortal = E5B620B81F76B4FA00448E51 /* SGLImage.xcodeproj */;
			proxyType = 1;
			remoteGlobalIDString = "SGLImage::SGLImage";
			remoteInfo = SGLImage;
		};
		E5B621071F76BBCA00448E51 /* PBXContainerItemProxy */ = {
			isa = PBXContainerItemProxy;
			containerPortal = E5B620D71F76B50200448E51 /* SGLOpenGL.xcodeproj */;
			proxyType = 1;
			remoteGlobalIDString = "SGLOpenGL::SGLOpenGL";
			remoteInfo = SGLOpenGL;
		};
		E5B6210B1F76BBCA00448E51 /* PBXContainerItemProxy */ = {
			isa = PBXContainerItemProxy;
			containerPortal = E5B620C51F76B4FE00448E51 /* SGLMath.xcodeproj */;
			proxyType = 1;
			remoteGlobalIDString = "SGLMath::SGLMath";
			remoteInfo = SGLMath;
		};
/* End PBXContainerItemProxy section */

/* Begin PBXCopyFilesBuildPhase section */
		E5B620F91F76B83F00448E51 /* Embed Frameworks */ = {
			isa = PBXCopyFilesBuildPhase;
			buildActionMask = 2147483647;
			dstPath = "";
			dstSubfolderSpec = 10;
			files = (
				E5B620F61F76B83F00448E51 /* SGLOpenGL.framework in Embed Frameworks */,
			);
			name = "Embed Frameworks";
			runOnlyForDeploymentPostprocessing = 0;
		};
		E5B621021F76B8A400448E51 /* Embed Frameworks */ = {
			isa = PBXCopyFilesBuildPhase;
			buildActionMask = 2147483647;
			dstPath = "";
			dstSubfolderSpec = 10;
			files = (
				E5B620FB1F76B8A400448E51 /* SGLOpenGL.framework in Embed Frameworks */,
				E5B620FF1F76B8A400448E51 /* SGLImage.framework in Embed Frameworks */,
			);
			name = "Embed Frameworks";
			runOnlyForDeploymentPostprocessing = 0;
		};
		E5B6210D1F76BBCB00448E51 /* Embed Frameworks */ = {
			isa = PBXCopyFilesBuildPhase;
			buildActionMask = 2147483647;
			dstPath = "";
			dstSubfolderSpec = 10;
			files = (
				E5B621061F76BBCA00448E51 /* SGLOpenGL.framework in Embed Frameworks */,
				E5B6210A1F76BBCA00448E51 /* SGLMath.framework in Embed Frameworks */,
			);
			name = "Embed Frameworks";
			runOnlyForDeploymentPostprocessing = 0;
		};
/* End PBXCopyFilesBuildPhase section */

/* Begin PBXFileReference section */
		3D8F3D081C3B2892007C49E7 /* HelloWorld.app */ = {isa = PBXFileReference; explicitFileType = wrapper.application; includeInIndex = 0; path = HelloWorld.app; sourceTree = BUILT_PRODUCTS_DIR; };
		3D90F48B1C489AED00229A4F /* CubeWorld.app */ = {isa = PBXFileReference; explicitFileType = wrapper.application; includeInIndex = 0; path = CubeWorld.app; sourceTree = BUILT_PRODUCTS_DIR; };
		3D99A8AA1C6A7408009B7529 /* ImgView.app */ = {isa = PBXFileReference; explicitFileType = wrapper.application; includeInIndex = 0; path = ImgView.app; sourceTree = BUILT_PRODUCTS_DIR; };
		3DFFFCB01C793BE800D96E85 /* Camera.swift */ = {isa = PBXFileReference; lastKnownFileType = sourcecode.swift; path = Camera.swift; sourceTree = "<group>"; };
		3DFFFCB11C793BE800D96E85 /* Cube.swift */ = {isa = PBXFileReference; lastKnownFileType = sourcecode.swift; path = Cube.swift; sourceTree = "<group>"; };
		3DFFFCB21C793BE800D96E85 /* main.swift */ = {isa = PBXFileReference; lastKnownFileType = sourcecode.swift; path = main.swift; sourceTree = "<group>"; };
		3DFFFCB41C793BE800D96E85 /* Pinwheel.swift */ = {isa = PBXFileReference; lastKnownFileType = sourcecode.swift; path = Pinwheel.swift; sourceTree = "<group>"; };
		3DFFFCB51C793BE800D96E85 /* Player.swift */ = {isa = PBXFileReference; lastKnownFileType = sourcecode.swift; path = Player.swift; sourceTree = "<group>"; };
		3DFFFCB71C793BE800D96E85 /* Shader.swift */ = {isa = PBXFileReference; lastKnownFileType = sourcecode.swift; path = Shader.swift; sourceTree = "<group>"; };
		3DFFFCB91C793BE800D96E85 /* main.swift */ = {isa = PBXFileReference; lastKnownFileType = sourcecode.swift; path = main.swift; sourceTree = "<group>"; };
		3DFFFCBD1C793BE800D96E85 /* main.swift */ = {isa = PBXFileReference; lastKnownFileType = sourcecode.swift; path = main.swift; sourceTree = "<group>"; };
		E5B620B81F76B4FA00448E51 /* SGLImage.xcodeproj */ = {isa = PBXFileReference; lastKnownFileType = "wrapper.pb-project"; path = SGLImage.xcodeproj; sourceTree = "<group>"; };
		E5B620C51F76B4FE00448E51 /* SGLMath.xcodeproj */ = {isa = PBXFileReference; lastKnownFileType = "wrapper.pb-project"; path = SGLMath.xcodeproj; sourceTree = "<group>"; };
		E5B620D71F76B50200448E51 /* SGLOpenGL.xcodeproj */ = {isa = PBXFileReference; lastKnownFileType = "wrapper.pb-project"; path = SGLOpenGL.xcodeproj; sourceTree = "<group>"; };
		E5B620F31F76B73000448E51 /* OpenGL.framework */ = {isa = PBXFileReference; lastKnownFileType = wrapper.framework; name = OpenGL.framework; path = System/Library/Frameworks/OpenGL.framework; sourceTree = SDKROOT; };
		E5E71BB01F32C399000858EB /* AppKit.framework */ = {isa = PBXFileReference; lastKnownFileType = wrapper.framework; name = AppKit.framework; path = System/Library/Frameworks/AppKit.framework; sourceTree = SDKROOT; };
		E5E71BB21F32C3A1000858EB /* CoreGraphics.framework */ = {isa = PBXFileReference; lastKnownFileType = wrapper.framework; name = CoreGraphics.framework; path = System/Library/Frameworks/CoreGraphics.framework; sourceTree = SDKROOT; };
		E5E71BB41F32C3DB000858EB /* CoreVideo.framework */ = {isa = PBXFileReference; lastKnownFileType = wrapper.framework; name = CoreVideo.framework; path = System/Library/Frameworks/CoreVideo.framework; sourceTree = SDKROOT; };
		E5E71BB61F32C415000858EB /* Kernel.framework */ = {isa = PBXFileReference; lastKnownFileType = wrapper.framework; name = Kernel.framework; path = System/Library/Frameworks/Kernel.framework; sourceTree = SDKROOT; };
		E5E71BB81F32C449000858EB /* IOKit.framework */ = {isa = PBXFileReference; lastKnownFileType = wrapper.framework; name = IOKit.framework; path = System/Library/Frameworks/IOKit.framework; sourceTree = SDKROOT; };
/* End PBXFileReference section */

/* Begin PBXFrameworksBuildPhase section */
		3D8F3D051C3B2892007C49E7 /* Frameworks */ = {
			isa = PBXFrameworksBuildPhase;
			buildActionMask = 2147483647;
			files = (
				E5B620F51F76B83F00448E51 /* SGLOpenGL.framework in Frameworks */,
			);
			runOnlyForDeploymentPostprocessing = 0;
		};
		3D90F4881C489AED00229A4F /* Frameworks */ = {
			isa = PBXFrameworksBuildPhase;
			buildActionMask = 2147483647;
			files = (
				E5B621051F76BBCA00448E51 /* SGLOpenGL.framework in Frameworks */,
				E5B621091F76BBCA00448E51 /* SGLMath.framework in Frameworks */,
			);
			runOnlyForDeploymentPostprocessing = 0;
		};
		3D99A8A71C6A7408009B7529 /* Frameworks */ = {
			isa = PBXFrameworksBuildPhase;
			buildActionMask = 2147483647;
			files = (
				E5B620FA1F76B8A400448E51 /* SGLOpenGL.framework in Frameworks */,
				E5B620FE1F76B8A400448E51 /* SGLImage.framework in Frameworks */,
			);
			runOnlyForDeploymentPostprocessing = 0;
		};
/* End PBXFrameworksBuildPhase section */

/* Begin PBXGroup section */
		3D91C35B1C3B1FB400BA748A = {
			isa = PBXGroup;
			children = (
				E5B620D71F76B50200448E51 /* SGLOpenGL.xcodeproj */,
				E5B620C51F76B4FE00448E51 /* SGLMath.xcodeproj */,
				E5B620B81F76B4FA00448E51 /* SGLImage.xcodeproj */,
				3DFFFCAE1C793BE800D96E85 /* Demos */,
				3D91C3651C3B1FB400BA748A /* Products */,
				E5E71BAF1F32C399000858EB /* Frameworks */,
			);
			sourceTree = "<group>";
		};
		3D91C3651C3B1FB400BA748A /* Products */ = {
			isa = PBXGroup;
			children = (
				3D8F3D081C3B2892007C49E7 /* HelloWorld.app */,
				3D90F48B1C489AED00229A4F /* CubeWorld.app */,
				3D99A8AA1C6A7408009B7529 /* ImgView.app */,
			);
			name = Products;
			sourceTree = "<group>";
		};
		3DFFFCAE1C793BE800D96E85 /* Demos */ = {
			isa = PBXGroup;
			children = (
				3DFFFCB81C793BE800D96E85 /* HelloWorld */,
				3DFFFCAF1C793BE800D96E85 /* CubeWorld */,
				3DFFFCBC1C793BE800D96E85 /* ImgView */,
			);
			path = Demos;
			sourceTree = "<group>";
		};
		3DFFFCAF1C793BE800D96E85 /* CubeWorld */ = {
			isa = PBXGroup;
			children = (
				3DFFFCB01C793BE800D96E85 /* Camera.swift */,
				3DFFFCB11C793BE800D96E85 /* Cube.swift */,
				3DFFFCB21C793BE800D96E85 /* main.swift */,
				3DFFFCB41C793BE800D96E85 /* Pinwheel.swift */,
				3DFFFCB51C793BE800D96E85 /* Player.swift */,
				3DFFFCB71C793BE800D96E85 /* Shader.swift */,
			);
			path = CubeWorld;
			sourceTree = "<group>";
		};
		3DFFFCB81C793BE800D96E85 /* HelloWorld */ = {
			isa = PBXGroup;
			children = (
				3DFFFCB91C793BE800D96E85 /* main.swift */,
			);
			path = HelloWorld;
			sourceTree = "<group>";
		};
		3DFFFCBC1C793BE800D96E85 /* ImgView */ = {
			isa = PBXGroup;
			children = (
				3DFFFCBD1C793BE800D96E85 /* main.swift */,
			);
			path = ImgView;
			sourceTree = "<group>";
		};
		E5B620B91F76B4FA00448E51 /* Products */ = {
			isa = PBXGroup;
			children = (
				E5B620C01F76B4FA00448E51 /* SGLImageTests.xctest */,
				E5B620C21F76B4FA00448E51 /* SGLImage.framework */,
			);
			name = Products;
			sourceTree = "<group>";
		};
		E5B620C61F76B4FE00448E51 /* Products */ = {
			isa = PBXGroup;
			children = (
				E5B620CF1F76B4FF00448E51 /* SGLMathTests.xctest */,
				E5B620D11F76B4FF00448E51 /* SGLMath.framework */,
				E5B620D31F76B4FF00448E51 /* Tools */,
			);
			name = Products;
			sourceTree = "<group>";
		};
		E5B620D81F76B50200448E51 /* Products */ = {
			isa = PBXGroup;
			children = (
				E5B620DF1F76B50200448E51 /* SGLOpenGL.framework */,
				E5B620E11F76B50200448E51 /* Tools */,
			);
			name = Products;
			sourceTree = "<group>";
		};
		E5E71BAF1F32C399000858EB /* Frameworks */ = {
			isa = PBXGroup;
			children = (
				E5B620F31F76B73000448E51 /* OpenGL.framework */,
				E5E71BB81F32C449000858EB /* IOKit.framework */,
				E5E71BB61F32C415000858EB /* Kernel.framework */,
				E5E71BB41F32C3DB000858EB /* CoreVideo.framework */,
				E5E71BB21F32C3A1000858EB /* CoreGraphics.framework */,
				E5E71BB01F32C399000858EB /* AppKit.framework */,
			);
			name = Frameworks;
			sourceTree = "<group>";
		};
/* End PBXGroup section */

/* Begin PBXNativeTarget section */
		3D8F3D071C3B2892007C49E7 /* HelloWorld */ = {
			isa = PBXNativeTarget;
			buildConfigurationList = 3D8F3D141C3B2892007C49E7 /* Build configuration list for PBXNativeTarget "HelloWorld" */;
			buildPhases = (
				3D8F3D041C3B2892007C49E7 /* Sources */,
				3D8F3D051C3B2892007C49E7 /* Frameworks */,
				3D8F3D061C3B2892007C49E7 /* Resources */,
				E5B620F91F76B83F00448E51 /* Embed Frameworks */,
			);
			buildRules = (
			);
			dependencies = (
				E5B620F81F76B83F00448E51 /* PBXTargetDependency */,
			);
			name = HelloWorld;
			productName = HelloWorld;
			productReference = 3D8F3D081C3B2892007C49E7 /* HelloWorld.app */;
			productType = "com.apple.product-type.application";
		};
		3D90F48A1C489AED00229A4F /* CubeWorld */ = {
			isa = PBXNativeTarget;
			buildConfigurationList = 3D90F4971C489AEE00229A4F /* Build configuration list for PBXNativeTarget "CubeWorld" */;
			buildPhases = (
				3D90F4871C489AED00229A4F /* Sources */,
				3D90F4881C489AED00229A4F /* Frameworks */,
				3D90F4891C489AED00229A4F /* Resources */,
				E5B6210D1F76BBCB00448E51 /* Embed Frameworks */,
			);
			buildRules = (
			);
			dependencies = (
				E5B621081F76BBCA00448E51 /* PBXTargetDependency */,
				E5B6210C1F76BBCA00448E51 /* PBXTargetDependency */,
			);
			name = CubeWorld;
			productName = CubeWorld;
			productReference = 3D90F48B1C489AED00229A4F /* CubeWorld.app */;
			productType = "com.apple.product-type.application";
		};
		3D99A8A91C6A7408009B7529 /* ImgView */ = {
			isa = PBXNativeTarget;
			buildConfigurationList = 3D99A8B61C6A7408009B7529 /* Build configuration list for PBXNativeTarget "ImgView" */;
			buildPhases = (
				3D99A8A61C6A7408009B7529 /* Sources */,
				3D99A8A71C6A7408009B7529 /* Frameworks */,
				3D99A8A81C6A7408009B7529 /* Resources */,
				E5B621021F76B8A400448E51 /* Embed Frameworks */,
			);
			buildRules = (
			);
			dependencies = (
				E5B620FD1F76B8A400448E51 /* PBXTargetDependency */,
				E5B621011F76B8A400448E51 /* PBXTargetDependency */,
			);
			name = ImgView;
			productName = ImgView;
			productReference = 3D99A8AA1C6A7408009B7529 /* ImgView.app */;
			productType = "com.apple.product-type.application";
		};
/* End PBXNativeTarget section */

/* Begin PBXProject section */
		3D91C35C1C3B1FB400BA748A /* Project object */ = {
			isa = PBXProject;
			attributes = {
				LastSwiftUpdateCheck = 0720;
				LastUpgradeCheck = 0900;
				ORGANIZATIONNAME = "David Turnbull";
				TargetAttributes = {
					3D8F3D071C3B2892007C49E7 = {
						CreatedOnToolsVersion = 7.2;
						LastSwiftMigration = 0900;
					};
					3D90F48A1C489AED00229A4F = {
						CreatedOnToolsVersion = 7.2;
						LastSwiftMigration = 0830;
					};
					3D99A8A91C6A7408009B7529 = {
						CreatedOnToolsVersion = 7.2.1;
						LastSwiftMigration = 0830;
					};
				};
			};
			buildConfigurationList = 3D91C35F1C3B1FB400BA748A /* Build configuration list for PBXProject "SwiftGL" */;
			compatibilityVersion = "Xcode 6.3";
			developmentRegion = English;
			hasScannedForEncodings = 0;
			knownRegions = (
				en,
				Base,
			);
			mainGroup = 3D91C35B1C3B1FB400BA748A;
			productRefGroup = 3D91C3651C3B1FB400BA748A /* Products */;
			projectDirPath = "";
			projectReferences = (
				{
					ProductGroup = E5B620B91F76B4FA00448E51 /* Products */;
					ProjectRef = E5B620B81F76B4FA00448E51 /* SGLImage.xcodeproj */;
				},
				{
					ProductGroup = E5B620C61F76B4FE00448E51 /* Products */;
					ProjectRef = E5B620C51F76B4FE00448E51 /* SGLMath.xcodeproj */;
				},
				{
					ProductGroup = E5B620D81F76B50200448E51 /* Products */;
					ProjectRef = E5B620D71F76B50200448E51 /* SGLOpenGL.xcodeproj */;
				},
			);
			projectRoot = "";
			targets = (
				3D8F3D071C3B2892007C49E7 /* HelloWorld */,
				3D90F48A1C489AED00229A4F /* CubeWorld */,
				3D99A8A91C6A7408009B7529 /* ImgView */,
			);
		};
/* End PBXProject section */

/* Begin PBXReferenceProxy section */
		E5B620C01F76B4FA00448E51 /* SGLImageTests.xctest */ = {
			isa = PBXReferenceProxy;
			fileType = file;
			path = SGLImageTests.xctest;
			remoteRef = E5B620BF1F76B4FA00448E51 /* PBXContainerItemProxy */;
			sourceTree = BUILT_PRODUCTS_DIR;
		};
		E5B620C21F76B4FA00448E51 /* SGLImage.framework */ = {
			isa = PBXReferenceProxy;
			fileType = wrapper.framework;
			path = SGLImage.framework;
			remoteRef = E5B620C11F76B4FA00448E51 /* PBXContainerItemProxy */;
			sourceTree = BUILT_PRODUCTS_DIR;
		};
		E5B620CF1F76B4FF00448E51 /* SGLMathTests.xctest */ = {
			isa = PBXReferenceProxy;
			fileType = file;
			path = SGLMathTests.xctest;
			remoteRef = E5B620CE1F76B4FF00448E51 /* PBXContainerItemProxy */;
			sourceTree = BUILT_PRODUCTS_DIR;
		};
		E5B620D11F76B4FF00448E51 /* SGLMath.framework */ = {
			isa = PBXReferenceProxy;
			fileType = wrapper.framework;
			path = SGLMath.framework;
			remoteRef = E5B620D01F76B4FF00448E51 /* PBXContainerItemProxy */;
			sourceTree = BUILT_PRODUCTS_DIR;
		};
		E5B620D31F76B4FF00448E51 /* Tools */ = {
			isa = PBXReferenceProxy;
			fileType = text;
			path = Tools;
			remoteRef = E5B620D21F76B4FF00448E51 /* PBXContainerItemProxy */;
			sourceTree = BUILT_PRODUCTS_DIR;
		};
		E5B620DF1F76B50200448E51 /* SGLOpenGL.framework */ = {
			isa = PBXReferenceProxy;
			fileType = wrapper.framework;
			path = SGLOpenGL.framework;
			remoteRef = E5B620DE1F76B50200448E51 /* PBXContainerItemProxy */;
			sourceTree = BUILT_PRODUCTS_DIR;
		};
		E5B620E11F76B50200448E51 /* Tools */ = {
			isa = PBXReferenceProxy;
			fileType = text;
			path = Tools;
			remoteRef = E5B620E01F76B50200448E51 /* PBXContainerItemProxy */;
			sourceTree = BUILT_PRODUCTS_DIR;
		};
/* End PBXReferenceProxy section */

/* Begin PBXResourcesBuildPhase section */
		3D8F3D061C3B2892007C49E7 /* Resources */ = {
			isa = PBXResourcesBuildPhase;
			buildActionMask = 2147483647;
			files = (
			);
			runOnlyForDeploymentPostprocessing = 0;
		};
		3D90F4891C489AED00229A4F /* Resources */ = {
			isa = PBXResourcesBuildPhase;
			buildActionMask = 2147483647;
			files = (
			);
			runOnlyForDeploymentPostprocessing = 0;
		};
		3D99A8A81C6A7408009B7529 /* Resources */ = {
			isa = PBXResourcesBuildPhase;
			buildActionMask = 2147483647;
			files = (
			);
			runOnlyForDeploymentPostprocessing = 0;
		};
/* End PBXResourcesBuildPhase section */

/* Begin PBXSourcesBuildPhase section */
		3D8F3D041C3B2892007C49E7 /* Sources */ = {
			isa = PBXSourcesBuildPhase;
			buildActionMask = 2147483647;
			files = (
				3DFFFD081C793C9600D96E85 /* main.swift in Sources */,
			);
			runOnlyForDeploymentPostprocessing = 0;
		};
		3D90F4871C489AED00229A4F /* Sources */ = {
			isa = PBXSourcesBuildPhase;
			buildActionMask = 2147483647;
			files = (
				3DFFFD071C793C7400D96E85 /* Shader.swift in Sources */,
				3DFFFD021C793C7400D96E85 /* Cube.swift in Sources */,
				3DFFFD011C793C7400D96E85 /* Camera.swift in Sources */,
				3DFFFD031C793C7400D96E85 /* main.swift in Sources */,
				3DFFFD061C793C7400D96E85 /* Player.swift in Sources */,
				3DFFFD051C793C7400D96E85 /* Pinwheel.swift in Sources */,
			);
			runOnlyForDeploymentPostprocessing = 0;
		};
		3D99A8A61C6A7408009B7529 /* Sources */ = {
			isa = PBXSourcesBuildPhase;
			buildActionMask = 2147483647;
			files = (
				3DFFFD091C793C9D00D96E85 /* main.swift in Sources */,
			);
			runOnlyForDeploymentPostprocessing = 0;
		};
/* End PBXSourcesBuildPhase section */

/* Begin PBXTargetDependency section */
		E5B620F81F76B83F00448E51 /* PBXTargetDependency */ = {
			isa = PBXTargetDependency;
			name = SGLOpenGL;
			targetProxy = E5B620F71F76B83F00448E51 /* PBXContainerItemProxy */;
		};
		E5B620FD1F76B8A400448E51 /* PBXTargetDependency */ = {
			isa = PBXTargetDependency;
			name = SGLOpenGL;
			targetProxy = E5B620FC1F76B8A400448E51 /* PBXContainerItemProxy */;
		};
		E5B621011F76B8A400448E51 /* PBXTargetDependency */ = {
			isa = PBXTargetDependency;
			name = SGLImage;
			targetProxy = E5B621001F76B8A400448E51 /* PBXContainerItemProxy */;
		};
		E5B621081F76BBCA00448E51 /* PBXTargetDependency */ = {
			isa = PBXTargetDependency;
			name = SGLOpenGL;
			targetProxy = E5B621071F76BBCA00448E51 /* PBXContainerItemProxy */;
		};
		E5B6210C1F76BBCA00448E51 /* PBXTargetDependency */ = {
			isa = PBXTargetDependency;
			name = SGLMath;
			targetProxy = E5B6210B1F76BBCA00448E51 /* PBXContainerItemProxy */;
		};
/* End PBXTargetDependency section */

/* Begin XCBuildConfiguration section */
		3D8F3D121C3B2892007C49E7 /* Debug */ = {
			isa = XCBuildConfiguration;
			buildSettings = {
				ALWAYS_EMBED_SWIFT_STANDARD_LIBRARIES = YES;
				CLANG_ENABLE_MODULES = YES;
				COMBINE_HIDPI_IMAGES = YES;
				HEADER_SEARCH_PATHS = /usr/local/include;
				INFOPLIST_FILE = "$(SRCROOT)/SwiftGL.xcodeproj/Info.plist";
				LD_RUNPATH_SEARCH_PATHS = "$(inherited) @executable_path/../Frameworks";
				LIBRARY_SEARCH_PATHS = /usr/local/lib;
				PRODUCT_BUNDLE_IDENTIFIER = io.github.SwiftGL.HelloWorld;
				PRODUCT_NAME = "$(TARGET_NAME)";
				SWIFT_INCLUDE_PATHS = "$(SRCROOT)/SwiftGL.xcodeproj";
				SWIFT_OPTIMIZATION_LEVEL = "-Onone";
			};
			name = Debug;
		};
		3D8F3D131C3B2892007C49E7 /* Release */ = {
			isa = XCBuildConfiguration;
			buildSettings = {
				ALWAYS_EMBED_SWIFT_STANDARD_LIBRARIES = YES;
				CLANG_ENABLE_MODULES = YES;
				COMBINE_HIDPI_IMAGES = YES;
				HEADER_SEARCH_PATHS = /usr/local/include;
				INFOPLIST_FILE = "$(SRCROOT)/SwiftGL.xcodeproj/Info.plist";
				LD_RUNPATH_SEARCH_PATHS = "$(inherited) @executable_path/../Frameworks";
				LIBRARY_SEARCH_PATHS = /usr/local/lib;
				PRODUCT_BUNDLE_IDENTIFIER = io.github.SwiftGL.HelloWorld;
				PRODUCT_NAME = "$(TARGET_NAME)";
				SWIFT_INCLUDE_PATHS = "$(SRCROOT)/SwiftGL.xcodeproj";
			};
			name = Release;
		};
		3D90F4951C489AEE00229A4F /* Debug */ = {
			isa = XCBuildConfiguration;
			buildSettings = {
				ALWAYS_EMBED_SWIFT_STANDARD_LIBRARIES = YES;
				ASSETCATALOG_COMPILER_APPICON_NAME = AppIcon;
				CLANG_ENABLE_MODULES = YES;
				COMBINE_HIDPI_IMAGES = YES;
				HEADER_SEARCH_PATHS = /usr/local/include;
				INFOPLIST_FILE = "$(SRCROOT)/SwiftGL.xcodeproj/Info.plist";
				LD_RUNPATH_SEARCH_PATHS = "$(inherited) @executable_path/../Frameworks";
				LIBRARY_SEARCH_PATHS = /usr/local/lib;
				PRODUCT_BUNDLE_IDENTIFIER = io.github.SwiftGL.CubeWorld;
				PRODUCT_NAME = "$(TARGET_NAME)";
				SWIFT_INCLUDE_PATHS = "$(SRCROOT)/SwiftGL.xcodeproj";
				SWIFT_OPTIMIZATION_LEVEL = "-Onone";
			};
			name = Debug;
		};
		3D90F4961C489AEE00229A4F /* Release */ = {
			isa = XCBuildConfiguration;
			buildSettings = {
				ALWAYS_EMBED_SWIFT_STANDARD_LIBRARIES = YES;
				ASSETCATALOG_COMPILER_APPICON_NAME = AppIcon;
				CLANG_ENABLE_MODULES = YES;
				COMBINE_HIDPI_IMAGES = YES;
				HEADER_SEARCH_PATHS = /usr/local/include;
				INFOPLIST_FILE = "$(SRCROOT)/SwiftGL.xcodeproj/Info.plist";
				LD_RUNPATH_SEARCH_PATHS = "$(inherited) @executable_path/../Frameworks";
				LIBRARY_SEARCH_PATHS = /usr/local/lib;
				PRODUCT_BUNDLE_IDENTIFIER = io.github.SwiftGL.CubeWorld;
				PRODUCT_NAME = "$(TARGET_NAME)";
				SWIFT_INCLUDE_PATHS = "$(SRCROOT)/SwiftGL.xcodeproj";
			};
			name = Release;
		};
		3D91C36F1C3B1FB400BA748A /* Debug */ = {
			isa = XCBuildConfiguration;
			buildSettings = {
				ALWAYS_SEARCH_USER_PATHS = NO;
				CLANG_CXX_LANGUAGE_STANDARD = "gnu++0x";
				CLANG_CXX_LIBRARY = "libc++";
				CLANG_ENABLE_MODULES = YES;
				CLANG_ENABLE_OBJC_ARC = YES;
				CLANG_WARN_BLOCK_CAPTURE_AUTORELEASING = YES;
				CLANG_WARN_BOOL_CONVERSION = YES;
				CLANG_WARN_COMMA = YES;
				CLANG_WARN_CONSTANT_CONVERSION = YES;
				CLANG_WARN_DIRECT_OBJC_ISA_USAGE = YES_ERROR;
				CLANG_WARN_EMPTY_BODY = YES;
				CLANG_WARN_ENUM_CONVERSION = YES;
				CLANG_WARN_INFINITE_RECURSION = YES;
				CLANG_WARN_INT_CONVERSION = YES;
				CLANG_WARN_NON_LITERAL_NULL_CONVERSION = YES;
				CLANG_WARN_OBJC_LITERAL_CONVERSION = YES;
				CLANG_WARN_OBJC_ROOT_CLASS = YES_ERROR;
				CLANG_WARN_RANGE_LOOP_ANALYSIS = YES;
				CLANG_WARN_STRICT_PROTOTYPES = YES;
				CLANG_WARN_SUSPICIOUS_MOVE = YES;
				CLANG_WARN_UNREACHABLE_CODE = YES;
				CLANG_WARN__DUPLICATE_METHOD_MATCH = YES;
				CODE_SIGN_IDENTITY = "-";
				COPY_PHASE_STRIP = NO;
				DEBUG_INFORMATION_FORMAT = dwarf;
				ENABLE_STRICT_OBJC_MSGSEND = YES;
				ENABLE_TESTABILITY = YES;
				GCC_C_LANGUAGE_STANDARD = gnu99;
				GCC_DYNAMIC_NO_PIC = NO;
				GCC_NO_COMMON_BLOCKS = YES;
				GCC_OPTIMIZATION_LEVEL = 0;
				GCC_PREPROCESSOR_DEFINITIONS = (
					"DEBUG=1",
					"$(inherited)",
				);
				GCC_WARN_64_TO_32_BIT_CONVERSION = YES;
				GCC_WARN_ABOUT_RETURN_TYPE = YES_ERROR;
				GCC_WARN_UNDECLARED_SELECTOR = YES;
				GCC_WARN_UNINITIALIZED_AUTOS = YES_AGGRESSIVE;
				GCC_WARN_UNUSED_FUNCTION = YES;
				GCC_WARN_UNUSED_VARIABLE = YES;
				MACOSX_DEPLOYMENT_TARGET = 10.12;
				MTL_ENABLE_DEBUG_INFO = YES;
				ONLY_ACTIVE_ARCH = YES;
				SDKROOT = macosx;
				SWIFT_OPTIMIZATION_LEVEL = "-Onone";
				SWIFT_VERSION = 4.0;
			};
			name = Debug;
		};
		3D91C3701C3B1FB400BA748A /* Release */ = {
			isa = XCBuildConfiguration;
			buildSettings = {
				ALWAYS_SEARCH_USER_PATHS = NO;
				CLANG_CXX_LANGUAGE_STANDARD = "gnu++0x";
				CLANG_CXX_LIBRARY = "libc++";
				CLANG_ENABLE_MODULES = YES;
				CLANG_ENABLE_OBJC_ARC = YES;
				CLANG_WARN_BLOCK_CAPTURE_AUTORELEASING = YES;
				CLANG_WARN_BOOL_CONVERSION = YES;
				CLANG_WARN_COMMA = YES;
				CLANG_WARN_CONSTANT_CONVERSION = YES;
				CLANG_WARN_DIRECT_OBJC_ISA_USAGE = YES_ERROR;
				CLANG_WARN_EMPTY_BODY = YES;
				CLANG_WARN_ENUM_CONVERSION = YES;
				CLANG_WARN_INFINITE_RECURSION = YES;
				CLANG_WARN_INT_CONVERSION = YES;
				CLANG_WARN_NON_LITERAL_NULL_CONVERSION = YES;
				CLANG_WARN_OBJC_LITERAL_CONVERSION = YES;
				CLANG_WARN_OBJC_ROOT_CLASS = YES_ERROR;
				CLANG_WARN_RANGE_LOOP_ANALYSIS = YES;
				CLANG_WARN_STRICT_PROTOTYPES = YES;
				CLANG_WARN_SUSPICIOUS_MOVE = YES;
				CLANG_WARN_UNREACHABLE_CODE = YES;
				CLANG_WARN__DUPLICATE_METHOD_MATCH = YES;
				CODE_SIGN_IDENTITY = "-";
				COPY_PHASE_STRIP = NO;
				DEBUG_INFORMATION_FORMAT = "dwarf-with-dsym";
				ENABLE_NS_ASSERTIONS = NO;
				ENABLE_STRICT_OBJC_MSGSEND = YES;
				GCC_C_LANGUAGE_STANDARD = gnu99;
				GCC_NO_COMMON_BLOCKS = YES;
				GCC_WARN_64_TO_32_BIT_CONVERSION = YES;
				GCC_WARN_ABOUT_RETURN_TYPE = YES_ERROR;
				GCC_WARN_UNDECLARED_SELECTOR = YES;
				GCC_WARN_UNINITIALIZED_AUTOS = YES_AGGRESSIVE;
				GCC_WARN_UNUSED_FUNCTION = YES;
				GCC_WARN_UNUSED_VARIABLE = YES;
				MACOSX_DEPLOYMENT_TARGET = 10.12;
				MTL_ENABLE_DEBUG_INFO = NO;
				SDKROOT = macosx;
				SWIFT_OPTIMIZATION_LEVEL = "-Owholemodule";
				SWIFT_VERSION = 4.0;
			};
			name = Release;
		};
		3D99A8B41C6A7408009B7529 /* Debug */ = {
			isa = XCBuildConfiguration;
			buildSettings = {
				ALWAYS_EMBED_SWIFT_STANDARD_LIBRARIES = YES;
				ASSETCATALOG_COMPILER_APPICON_NAME = AppIcon;
				CLANG_ENABLE_MODULES = YES;
				COMBINE_HIDPI_IMAGES = YES;
				HEADER_SEARCH_PATHS = /usr/local/include;
				INFOPLIST_FILE = "$(SRCROOT)/SwiftGL.xcodeproj/Info.plist";
				LD_RUNPATH_SEARCH_PATHS = "$(inherited) @executable_path/../Frameworks";
				LIBRARY_SEARCH_PATHS = /usr/local/lib;
				PRODUCT_BUNDLE_IDENTIFIER = io.github.SwiftGL.ImgView;
				PRODUCT_NAME = "$(TARGET_NAME)";
				SWIFT_INCLUDE_PATHS = "$(SRCROOT)/SwiftGL.xcodeproj";
				SWIFT_OPTIMIZATION_LEVEL = "-Onone";
			};
			name = Debug;
		};
		3D99A8B51C6A7408009B7529 /* Release */ = {
			isa = XCBuildConfiguration;
			buildSettings = {
				ALWAYS_EMBED_SWIFT_STANDARD_LIBRARIES = YES;
				ASSETCATALOG_COMPILER_APPICON_NAME = AppIcon;
				CLANG_ENABLE_MODULES = YES;
				COMBINE_HIDPI_IMAGES = YES;
				HEADER_SEARCH_PATHS = /usr/local/include;
				INFOPLIST_FILE = "$(SRCROOT)/SwiftGL.xcodeproj/Info.plist";
				LD_RUNPATH_SEARCH_PATHS = "$(inherited) @executable_path/../Frameworks";
				LIBRARY_SEARCH_PATHS = /usr/local/lib;
				PRODUCT_BUNDLE_IDENTIFIER = io.github.SwiftGL.ImgView;
				PRODUCT_NAME = "$(TARGET_NAME)";
				SWIFT_INCLUDE_PATHS = "$(SRCROOT)/SwiftGL.xcodeproj";
			};
			name = Release;
		};
/* End XCBuildConfiguration section */

/* Begin XCConfigurationList section */
		3D8F3D141C3B2892007C49E7 /* Build configuration list for PBXNativeTarget "HelloWorld" */ = {
			isa = XCConfigurationList;
			buildConfigurations = (
				3D8F3D121C3B2892007C49E7 /* Debug */,
				3D8F3D131C3B2892007C49E7 /* Release */,
			);
			defaultConfigurationIsVisible = 0;
			defaultConfigurationName = Release;
		};
		3D90F4971C489AEE00229A4F /* Build configuration list for PBXNativeTarget "CubeWorld" */ = {
			isa = XCConfigurationList;
			buildConfigurations = (
				3D90F4951C489AEE00229A4F /* Debug */,
				3D90F4961C489AEE00229A4F /* Release */,
			);
			defaultConfigurationIsVisible = 0;
			defaultConfigurationName = Release;
		};
		3D91C35F1C3B1FB400BA748A /* Build configuration list for PBXProject "SwiftGL" */ = {
			isa = XCConfigurationList;
			buildConfigurations = (
				3D91C36F1C3B1FB400BA748A /* Debug */,
				3D91C3701C3B1FB400BA748A /* Release */,
			);
			defaultConfigurationIsVisible = 0;
			defaultConfigurationName = Release;
		};
		3D99A8B61C6A7408009B7529 /* Build configuration list for PBXNativeTarget "ImgView" */ = {
			isa = XCConfigurationList;
			buildConfigurations = (
				3D99A8B41C6A7408009B7529 /* Debug */,
				3D99A8B51C6A7408009B7529 /* Release */,
			);
			defaultConfigurationIsVisible = 0;
			defaultConfigurationName = Release;
		};
/* End XCConfigurationList section */
	};
	rootObject = 3D91C35C1C3B1FB400BA748A /* Project object */;
}
