// !$*UTF8*$!
{
   archiveVersion = "1";
   objectVersion = "46";
   objects = {
      "OBJ_1" = {
         isa = "PBXProject";
         attributes = {
            LastUpgradeCheck = "9999";
         };
         buildConfigurationList = "OBJ_2";
         compatibilityVersion = "Xcode 3.2";
         developmentRegion = "English";
         hasScannedForEncodings = "0";
         knownRegions = (
            "en",
         );
         mainGroup = "OBJ_5";
         productRefGroup = "OBJ_18";
         projectDirPath = "Image";
         targets = (
            "SGLImage::SwiftPMPackageDescription",
            "SGLImage::SGLImageTests",
            "SGLImage::SGLImage",
            "SGLImage::SGLImagePackageTests::ProductTarget",
         );
      };
      "OBJ_10" = {
         isa = "PBXFileReference";
         path = "ImageBMP.swift";
         sourceTree = "<group>";
      };
      "OBJ_11" = {
         isa = "PBXFileReference";
         path = "ImageGIF.swift";
         sourceTree = "<group>";
      };
      "OBJ_12" = {
         isa = "PBXFileReference";
         path = "ImageLoader.swift";
         sourceTree = "<group>";
      };
      "OBJ_13" = {
         isa = "PBXFileReference";
         path = "ImagePNG.swift";
         sourceTree = "<group>";
      };
      "OBJ_14" = {
         isa = "PBXFileReference";
         path = "Inflate.swift";
         sourceTree = "<group>";
      };
      "OBJ_15" = {
         isa = "PBXGroup";
         children = (
            "OBJ_16",
         );
         name = "Tests";
         path = "";
         sourceTree = "SOURCE_ROOT";
      };
      "OBJ_16" = {
         isa = "PBXGroup";
         children = (
            "OBJ_17",
         );
         name = "SGLImageTests";
         path = "Tests/SGLImageTests";
         sourceTree = "SOURCE_ROOT";
      };
      "OBJ_17" = {
         isa = "PBXFileReference";
         path = "SwiftGLresImage.swift";
         sourceTree = "<group>";
      };
      "OBJ_18" = {
         isa = "PBXGroup";
         children = (
            "SGLImage::SGLImageTests::Product",
            "SGLImage::SGLImage::Product",
         );
         name = "Products";
         path = "";
         sourceTree = "BUILT_PRODUCTS_DIR";
      };
      "OBJ_2" = {
         isa = "XCConfigurationList";
         buildConfigurations = (
            "OBJ_3",
            "OBJ_4",
         );
         defaultConfigurationIsVisible = "0";
         defaultConfigurationName = "Debug";
      };
      "OBJ_22" = {
         isa = "XCConfigurationList";
         buildConfigurations = (
            "OBJ_23",
            "OBJ_24",
         );
         defaultConfigurationIsVisible = "0";
         defaultConfigurationName = "Debug";
      };
      "OBJ_23" = {
         isa = "XCBuildConfiguration";
         buildSettings = {
            LD = "/usr/bin/true";
            OTHER_SWIFT_FLAGS = (
               "-swift-version",
               "4",
               "-I",
               "/Applications/Xcode.app/Contents/Developer/Toolchains/XcodeDefault.xctoolchain/usr/lib/swift/pm/4",
               "-target",
               "x86_64-apple-macosx10.10",
               "-sdk",
               "/Applications/Xcode.app/Contents/Developer/Platforms/MacOSX.platform/Developer/SDKs/MacOSX10.13.sdk",
            );
            SWIFT_VERSION = "4.0";
         };
         name = "Debug";
      };
      "OBJ_24" = {
         isa = "XCBuildConfiguration";
         buildSettings = {
            LD = "/usr/bin/true";
            OTHER_SWIFT_FLAGS = (
               "-swift-version",
               "4",
               "-I",
               "/Applications/Xcode.app/Contents/Developer/Toolchains/XcodeDefault.xctoolchain/usr/lib/swift/pm/4",
               "-target",
               "x86_64-apple-macosx10.10",
               "-sdk",
               "/Applications/Xcode.app/Contents/Developer/Platforms/MacOSX.platform/Developer/SDKs/MacOSX10.13.sdk",
            );
            SWIFT_VERSION = "4.0";
         };
         name = "Release";
      };
      "OBJ_25" = {
         isa = "PBXSourcesBuildPhase";
         files = (
            "OBJ_26",
         );
      };
      "OBJ_26" = {
         isa = "PBXBuildFile";
         fileRef = "OBJ_6";
      };
      "OBJ_28" = {
         isa = "XCConfigurationList";
         buildConfigurations = (
            "OBJ_29",
            "OBJ_30",
         );
         defaultConfigurationIsVisible = "0";
         defaultConfigurationName = "Debug";
      };
      "OBJ_29" = {
         isa = "XCBuildConfiguration";
         buildSettings = {
            EMBEDDED_CONTENT_CONTAINS_SWIFT = "YES";
            FRAMEWORK_SEARCH_PATHS = (
               "$(inherited)",
               "$(PLATFORM_DIR)/Developer/Library/Frameworks",
            );
            HEADER_SEARCH_PATHS = (
               "$(inherited)",
            );
            INFOPLIST_FILE = "../SGLImage.xcodeproj/SGLImageTests_Info.plist";
            LD_RUNPATH_SEARCH_PATHS = (
               "@loader_path/../Frameworks",
               "@loader_path/Frameworks",
            );
            OTHER_LDFLAGS = (
               "$(inherited)",
            );
            OTHER_SWIFT_FLAGS = (
               "$(inherited)",
            );
            SWIFT_VERSION = "4.0";
            TARGET_NAME = "SGLImageTests";
         };
         name = "Debug";
      };
      "OBJ_3" = {
         isa = "XCBuildConfiguration";
         buildSettings = {
            CLANG_ENABLE_OBJC_ARC = "YES";
            COMBINE_HIDPI_IMAGES = "YES";
            COPY_PHASE_STRIP = "NO";
            DEBUG_INFORMATION_FORMAT = "dwarf";
            DYLIB_INSTALL_NAME_BASE = "@rpath";
            ENABLE_NS_ASSERTIONS = "YES";
            GCC_OPTIMIZATION_LEVEL = "0";
            MACOSX_DEPLOYMENT_TARGET = "10.10";
            ONLY_ACTIVE_ARCH = "YES";
            OTHER_SWIFT_FLAGS = (
               "-DXcode",
            );
            PRODUCT_NAME = "$(TARGET_NAME)";
            SDKROOT = "macosx";
            SUPPORTED_PLATFORMS = (
               "macosx",
               "iphoneos",
               "iphonesimulator",
               "appletvos",
               "appletvsimulator",
               "watchos",
               "watchsimulator",
            );
            SWIFT_ACTIVE_COMPILATION_CONDITIONS = "SWIFT_PACKAGE";
            SWIFT_OPTIMIZATION_LEVEL = "-Onone";
            USE_HEADERMAP = "NO";
         };
         name = "Debug";
      };
      "OBJ_30" = {
         isa = "XCBuildConfiguration";
         buildSettings = {
            EMBEDDED_CONTENT_CONTAINS_SWIFT = "YES";
            FRAMEWORK_SEARCH_PATHS = (
               "$(inherited)",
               "$(PLATFORM_DIR)/Developer/Library/Frameworks",
            );
            HEADER_SEARCH_PATHS = (
               "$(inherited)",
            );
            INFOPLIST_FILE = "../SGLImage.xcodeproj/SGLImageTests_Info.plist";
            LD_RUNPATH_SEARCH_PATHS = (
               "@loader_path/../Frameworks",
               "@loader_path/Frameworks",
            );
            OTHER_LDFLAGS = (
               "$(inherited)",
            );
            OTHER_SWIFT_FLAGS = (
               "$(inherited)",
            );
            SWIFT_VERSION = "4.0";
            TARGET_NAME = "SGLImageTests";
         };
         name = "Release";
      };
      "OBJ_31" = {
         isa = "PBXSourcesBuildPhase";
         files = (
            "OBJ_32",
         );
      };
      "OBJ_32" = {
         isa = "PBXBuildFile";
         fileRef = "OBJ_17";
      };
      "OBJ_33" = {
         isa = "PBXFrameworksBuildPhase";
         files = (
            "OBJ_34",
         );
      };
      "OBJ_34" = {
         isa = "PBXBuildFile";
         fileRef = "SGLImage::SGLImage::Product";
      };
      "OBJ_35" = {
         isa = "PBXTargetDependency";
         target = "SGLImage::SGLImage";
      };
      "OBJ_37" = {
         isa = "XCConfigurationList";
         buildConfigurations = (
            "OBJ_38",
            "OBJ_39",
         );
         defaultConfigurationIsVisible = "0";
         defaultConfigurationName = "Debug";
      };
      "OBJ_38" = {
         isa = "XCBuildConfiguration";
         buildSettings = {
            ENABLE_TESTABILITY = "YES";
            FRAMEWORK_SEARCH_PATHS = (
               "$(inherited)",
               "$(PLATFORM_DIR)/Developer/Library/Frameworks",
            );
            HEADER_SEARCH_PATHS = (
               "$(inherited)",
            );
            INFOPLIST_FILE = "../SGLImage.xcodeproj/SGLImage_Info.plist";
            LD_RUNPATH_SEARCH_PATHS = (
               "$(TOOLCHAIN_DIR)/usr/lib/swift/macosx",
            );
            OTHER_LDFLAGS = (
               "$(inherited)",
            );
            OTHER_SWIFT_FLAGS = (
               "$(inherited)",
            );
            PRODUCT_BUNDLE_IDENTIFIER = "SGLImage";
            PRODUCT_MODULE_NAME = "$(TARGET_NAME:c99extidentifier)";
            PRODUCT_NAME = "$(TARGET_NAME:c99extidentifier)";
            SKIP_INSTALL = "YES";
            SWIFT_VERSION = "4.0";
            TARGET_NAME = "SGLImage";
         };
         name = "Debug";
      };
      "OBJ_39" = {
         isa = "XCBuildConfiguration";
         buildSettings = {
            ENABLE_TESTABILITY = "YES";
            FRAMEWORK_SEARCH_PATHS = (
               "$(inherited)",
               "$(PLATFORM_DIR)/Developer/Library/Frameworks",
            );
            HEADER_SEARCH_PATHS = (
               "$(inherited)",
            );
            INFOPLIST_FILE = "../SGLImage.xcodeproj/SGLImage_Info.plist";
            LD_RUNPATH_SEARCH_PATHS = (
               "$(TOOLCHAIN_DIR)/usr/lib/swift/macosx",
            );
            OTHER_LDFLAGS = (
               "$(inherited)",
            );
            OTHER_SWIFT_FLAGS = (
               "$(inherited)",
            );
            PRODUCT_BUNDLE_IDENTIFIER = "SGLImage";
            PRODUCT_MODULE_NAME = "$(TARGET_NAME:c99extidentifier)";
            PRODUCT_NAME = "$(TARGET_NAME:c99extidentifier)";
            SKIP_INSTALL = "YES";
            SWIFT_VERSION = "4.0";
            TARGET_NAME = "SGLImage";
         };
         name = "Release";
      };
      "OBJ_4" = {
         isa = "XCBuildConfiguration";
         buildSettings = {
            CLANG_ENABLE_OBJC_ARC = "YES";
            COMBINE_HIDPI_IMAGES = "YES";
            COPY_PHASE_STRIP = "YES";
            DEBUG_INFORMATION_FORMAT = "dwarf-with-dsym";
            DYLIB_INSTALL_NAME_BASE = "@rpath";
            GCC_OPTIMIZATION_LEVEL = "s";
            MACOSX_DEPLOYMENT_TARGET = "10.10";
            OTHER_SWIFT_FLAGS = (
               "-DXcode",
            );
            PRODUCT_NAME = "$(TARGET_NAME)";
            SDKROOT = "macosx";
            SUPPORTED_PLATFORMS = (
               "macosx",
               "iphoneos",
               "iphonesimulator",
               "appletvos",
               "appletvsimulator",
               "watchos",
               "watchsimulator",
            );
            SWIFT_ACTIVE_COMPILATION_CONDITIONS = "SWIFT_PACKAGE";
            SWIFT_OPTIMIZATION_LEVEL = "-Owholemodule";
            USE_HEADERMAP = "NO";
         };
         name = "Release";
      };
      "OBJ_40" = {
         isa = "PBXSourcesBuildPhase";
         files = (
            "OBJ_41",
            "OBJ_42",
            "OBJ_43",
            "OBJ_44",
            "OBJ_45",
            "OBJ_46",
         );
      };
      "OBJ_41" = {
         isa = "PBXBuildFile";
         fileRef = "OBJ_9";
      };
      "OBJ_42" = {
         isa = "PBXBuildFile";
         fileRef = "OBJ_10";
      };
      "OBJ_43" = {
         isa = "PBXBuildFile";
         fileRef = "OBJ_11";
      };
      "OBJ_44" = {
         isa = "PBXBuildFile";
         fileRef = "OBJ_12";
      };
      "OBJ_45" = {
         isa = "PBXBuildFile";
         fileRef = "OBJ_13";
      };
      "OBJ_46" = {
         isa = "PBXBuildFile";
         fileRef = "OBJ_14";
      };
      "OBJ_47" = {
         isa = "PBXFrameworksBuildPhase";
         files = (
         );
      };
      "OBJ_49" = {
         isa = "XCConfigurationList";
         buildConfigurations = (
            "OBJ_50",
            "OBJ_51",
         );
         defaultConfigurationIsVisible = "0";
         defaultConfigurationName = "Debug";
      };
      "OBJ_5" = {
         isa = "PBXGroup";
         children = (
            "OBJ_6",
            "OBJ_7",
            "OBJ_15",
            "OBJ_18",
         );
         path = "";
         sourceTree = "<group>";
      };
      "OBJ_50" = {
         isa = "XCBuildConfiguration";
         buildSettings = {
         };
         name = "Debug";
      };
      "OBJ_51" = {
         isa = "XCBuildConfiguration";
         buildSettings = {
         };
         name = "Release";
      };
      "OBJ_52" = {
         isa = "PBXTargetDependency";
         target = "SGLImage::SGLImageTests";
      };
      "OBJ_6" = {
         isa = "PBXFileReference";
         explicitFileType = "sourcecode.swift";
         path = "Package.swift";
         sourceTree = "<group>";
      };
      "OBJ_7" = {
         isa = "PBXGroup";
         children = (
            "OBJ_8",
         );
         name = "Sources";
         path = "";
         sourceTree = "SOURCE_ROOT";
      };
      "OBJ_8" = {
         isa = "PBXGroup";
         children = (
            "OBJ_9",
            "OBJ_10",
            "OBJ_11",
            "OBJ_12",
            "OBJ_13",
            "OBJ_14",
         );
         name = "SGLImage";
         path = "Sources/SGLImage";
         sourceTree = "SOURCE_ROOT";
      };
      "OBJ_9" = {
         isa = "PBXFileReference";
         path = "Image.swift";
         sourceTree = "<group>";
      };
      "SGLImage::SGLImage" = {
         isa = "PBXNativeTarget";
         buildConfigurationList = "OBJ_37";
         buildPhases = (
            "OBJ_40",
            "OBJ_47",
         );
         dependencies = (
         );
         name = "SGLImage";
         productName = "SGLImage";
         productReference = "SGLImage::SGLImage::Product";
         productType = "com.apple.product-type.framework";
      };
      "SGLImage::SGLImage::Product" = {
         isa = "PBXFileReference";
         path = "SGLImage.framework";
         sourceTree = "BUILT_PRODUCTS_DIR";
      };
      "SGLImage::SGLImagePackageTests::ProductTarget" = {
         isa = "PBXAggregateTarget";
         buildConfigurationList = "OBJ_49";
         buildPhases = (
         );
         dependencies = (
            "OBJ_52",
         );
         name = "SGLImagePackageTests";
         productName = "SGLImagePackageTests";
      };
      "SGLImage::SGLImageTests" = {
         isa = "PBXNativeTarget";
         buildConfigurationList = "OBJ_28";
         buildPhases = (
            "OBJ_31",
            "OBJ_33",
         );
         dependencies = (
            "OBJ_35",
         );
         name = "SGLImageTests";
         productName = "SGLImageTests";
         productReference = "SGLImage::SGLImageTests::Product";
         productType = "com.apple.product-type.bundle.unit-test";
      };
      "SGLImage::SGLImageTests::Product" = {
         isa = "PBXFileReference";
         path = "SGLImageTests.xctest";
         sourceTree = "BUILT_PRODUCTS_DIR";
      };
      "SGLImage::SwiftPMPackageDescription" = {
         isa = "PBXNativeTarget";
         buildConfigurationList = "OBJ_22";
         buildPhases = (
            "OBJ_25",
         );
         dependencies = (
         );
         name = "SGLImagePackageDescription";
         productName = "SGLImagePackageDescription";
         productType = "com.apple.product-type.framework";
      };
   };
   rootObject = "OBJ_1";
}
